
Microsoft Visual Studio Solution File, Format Version 12.00
# Visual Studio Version 17
VisualStudioVersion = 17.11.35208.52
MinimumVisualStudioVersion = 10.0.40219.1
Project("{9A19103F-16F7-4668-BE54-9A1E7A4F7556}") = "MeroDokanCafe", "MeroDokanCafe.csproj", "{D7C78A9A-9F38-4B1A-8FB0-2A43F25E5F5C}"
EndProject
Global
	GlobalSection(SolutionConfigurationPlatforms) = preSolution
		Debug|Any CPU = Debug|Any CPU
		Release|Any CPU = Release|Any CPU
	EndGlobalSection
	GlobalSection(ProjectConfigurationPlatforms) = postSolution
		{D7C78A9A-9F38-4B1A-8FB0-2A43F25E5F5C}.Debug|Any CPU.ActiveCfg = Debug|Any CPU
		{D7C78A9A-9F38-4B1A-8FB0-2A43F25E5F5C}.Debug|Any CPU.Build.0 = Debug|Any CPU
		{D7C78A9A-9F38-4B1A-8FB0-2A43F25E5F5C}.Release|Any CPU.ActiveCfg = Release|Any CPU
		{D7C78A9A-9F38-4B1A-8FB0-2A43F25E5F5C}.Release|Any CPU.Build.0 = Release|Any CPU
	EndGlobalSection
	GlobalSection(SolutionProperties) = preSolution
		HideSolutionNode = FALSE
	EndGlobalSection
	GlobalSection(ExtensibilityGlobals) = postSolution
		SolutionGuid = {A16F5BC9-35F6-4AC6-92AC-27756D896303}
	EndGlobalSection
EndGlobal
